
Microsoft Visual Studio Solution File, Format Version 12.00
# Visual Studio Version 17
VisualStudioVersion = 17.10.35122.118
MinimumVisualStudioVersion = 10.0.40219.1
Project("{9A19103F-16F7-4668-BE54-9A1E7A4F7556}") = "TicketReservation", "TicketReservation.csproj", "{D2982324-CA24-4B63-B731-02D323915C78}"
EndProject
Project("{FAE04EC0-301F-11D3-BF4B-00C04F79EFBC}") = "DAL", "..\DAL\DAL.csproj", "{EE96C326-76D3-4F1B-BC1B-F3AB898150EE}"
EndProject
Project("{FAE04EC0-301F-11D3-BF4B-00C04F79EFBC}") = "BLL", "..\BLL\BLL.csproj", "{2B988517-A541-4DD5-803D-0E6DB921E77C}"
EndProject
Global
	GlobalSection(SolutionConfigurationPlatforms) = preSolution
		Debug|Any CPU = Debug|Any CPU
		Release|Any CPU = Release|Any CPU
	EndGlobalSection
	GlobalSection(ProjectConfigurationPlatforms) = postSolution
		{D2982324-CA24-4B63-B731-02D323915C78}.Debug|Any CPU.ActiveCfg = Debug|Any CPU
		{D2982324-CA24-4B63-B731-02D323915C78}.Debug|Any CPU.Build.0 = Debug|Any CPU
		{D2982324-CA24-4B63-B731-02D323915C78}.Release|Any CPU.ActiveCfg = Release|Any CPU
		{D2982324-CA24-4B63-B731-02D323915C78}.Release|Any CPU.Build.0 = Release|Any CPU
		{EE96C326-76D3-4F1B-BC1B-F3AB898150EE}.Debug|Any CPU.ActiveCfg = Debug|Any CPU
		{EE96C326-76D3-4F1B-BC1B-F3AB898150EE}.Debug|Any CPU.Build.0 = Debug|Any CPU
		{EE96C326-76D3-4F1B-BC1B-F3AB898150EE}.Release|Any CPU.ActiveCfg = Release|Any CPU
		{EE96C326-76D3-4F1B-BC1B-F3AB898150EE}.Release|Any CPU.Build.0 = Release|Any CPU
		{2B988517-A541-4DD5-803D-0E6DB921E77C}.Debug|Any CPU.ActiveCfg = Debug|Any CPU
		{2B988517-A541-4DD5-803D-0E6DB921E77C}.Debug|Any CPU.Build.0 = Debug|Any CPU
		{2B988517-A541-4DD5-803D-0E6DB921E77C}.Release|Any CPU.ActiveCfg = Release|Any CPU
		{2B988517-A541-4DD5-803D-0E6DB921E77C}.Release|Any CPU.Build.0 = Release|Any CPU
	EndGlobalSection
	GlobalSection(SolutionProperties) = preSolution
		HideSolutionNode = FALSE
	EndGlobalSection
	GlobalSection(ExtensibilityGlobals) = postSolution
		SolutionGuid = {906AD853-592B-4D6D-9CCE-E37B3601EC6A}
	EndGlobalSection
EndGlobal
