
Microsoft Visual Studio Solution File, Format Version 12.00
# Visual Studio Version 17
VisualStudioVersion = 17.10.35122.118
MinimumVisualStudioVersion = 10.0.40219.1
Project("{FAE04EC0-301F-11D3-BF4B-00C04F79EFBC}") = "TicketReservation", "TicketReservation.csproj", "{D2982324-CA24-4B63-B731-02D323915C78}"
EndProject
Global
	GlobalSection(SolutionConfigurationPlatforms) = preSolution
		Debug|Any CPU = Debug|Any CPU
		Release|Any CPU = Release|Any CPU
	EndGlobalSection
	GlobalSection(ProjectConfigurationPlatforms) = postSolution
		{D2982324-CA24-4B63-B731-02D323915C78}.Debug|Any CPU.ActiveCfg = Debug|Any CPU
		{D2982324-CA24-4B63-B731-02D323915C78}.Debug|Any CPU.Build.0 = Debug|Any CPU
		{D2982324-CA24-4B63-B731-02D323915C78}.Release|Any CPU.ActiveCfg = Release|Any CPU
		{D2982324-CA24-4B63-B731-02D323915C78}.Release|Any CPU.Build.0 = Release|Any CPU
	EndGlobalSection
	GlobalSection(SolutionProperties) = preSolution
		HideSolutionNode = FALSE
	EndGlobalSection
	GlobalSection(ExtensibilityGlobals) = postSolution
		SolutionGuid = {906AD853-592B-4D6D-9CCE-E37B3601EC6A}
	EndGlobalSection
EndGlobal
